
Microsoft Visual Studio Solution File, Format Version 12.00
# Visual Studio Version 16
VisualStudioVersion = 16.0.34729.46
MinimumVisualStudioVersion = 10.0.40219.1
Project("{FAE04EC0-301F-11D3-BF4B-00C04F79EFBC}") = "LR24example", "LR24example.csproj", "{8D1DA741-314B-498B-A9A6-D3CCF6EC82C2}"
EndProject
Global
	GlobalSection(SolutionConfigurationPlatforms) = preSolution
		Debug|Any CPU = Debug|Any CPU
		Release|Any CPU = Release|Any CPU
	EndGlobalSection
	GlobalSection(ProjectConfigurationPlatforms) = postSolution
		{8D1DA741-314B-498B-A9A6-D3CCF6EC82C2}.Debug|Any CPU.ActiveCfg = Debug|Any CPU
		{8D1DA741-314B-498B-A9A6-D3CCF6EC82C2}.Debug|Any CPU.Build.0 = Debug|Any CPU
		{8D1DA741-314B-498B-A9A6-D3CCF6EC82C2}.Release|Any CPU.ActiveCfg = Release|Any CPU
		{8D1DA741-314B-498B-A9A6-D3CCF6EC82C2}.Release|Any CPU.Build.0 = Release|Any CPU
	EndGlobalSection
	GlobalSection(SolutionProperties) = preSolution
		HideSolutionNode = FALSE
	EndGlobalSection
	GlobalSection(ExtensibilityGlobals) = postSolution
		SolutionGuid = {7B89289A-54D7-4FFE-A2EA-1FACBD627F75}
	EndGlobalSection
EndGlobal
